
Microsoft Visual Studio Solution File, Format Version 12.00
# Visual Studio Version 17
VisualStudioVersion = 17.5.33502.453
MinimumVisualStudioVersion = 10.0.40219.1
Project("{2150E333-8FDC-42A3-9474-1A3956D46DE8}") = "src", "src", "{2B9B20C9-39FC-4528-BC26-9601B716BFA1}"
EndProject
Project("{2150E333-8FDC-42A3-9474-1A3956D46DE8}") = "core", "core", "{C7E4F9C6-8754-4A1C-BED3-86D02AC75028}"
EndProject
Project("{2150E333-8FDC-42A3-9474-1A3956D46DE8}") = "api", "api", "{D966B555-D8BB-4E18-AAE0-9D297CFB2A95}"
EndProject
Project("{2150E333-8FDC-42A3-9474-1A3956D46DE8}") = "infrastructure", "infrastructure", "{8D7051C8-8F77-4138-991B-B91F81FA2BC6}"
EndProject
Project("{2150E333-8FDC-42A3-9474-1A3956D46DE8}") = "ui", "ui", "{7E13556D-316A-41B3-9792-55CED6AA773E}"
EndProject
Project("{FAE04EC0-301F-11D3-BF4B-00C04F79EFBC}") = "FarmPro.Application", "FarmPro.Application\FarmPro.Application.csproj", "{0BB049EF-EF29-4831-A055-F21E8DF4C714}"
EndProject
Global
	GlobalSection(SolutionConfigurationPlatforms) = preSolution
		Debug|Any CPU = Debug|Any CPU
		Release|Any CPU = Release|Any CPU
	EndGlobalSection
	GlobalSection(ProjectConfigurationPlatforms) = postSolution
		{0BB049EF-EF29-4831-A055-F21E8DF4C714}.Debug|Any CPU.ActiveCfg = Debug|Any CPU
		{0BB049EF-EF29-4831-A055-F21E8DF4C714}.Debug|Any CPU.Build.0 = Debug|Any CPU
		{0BB049EF-EF29-4831-A055-F21E8DF4C714}.Release|Any CPU.ActiveCfg = Release|Any CPU
		{0BB049EF-EF29-4831-A055-F21E8DF4C714}.Release|Any CPU.Build.0 = Release|Any CPU
	EndGlobalSection
	GlobalSection(SolutionProperties) = preSolution
		HideSolutionNode = FALSE
	EndGlobalSection
	GlobalSection(NestedProjects) = preSolution
		{C7E4F9C6-8754-4A1C-BED3-86D02AC75028} = {2B9B20C9-39FC-4528-BC26-9601B716BFA1}
		{D966B555-D8BB-4E18-AAE0-9D297CFB2A95} = {2B9B20C9-39FC-4528-BC26-9601B716BFA1}
		{8D7051C8-8F77-4138-991B-B91F81FA2BC6} = {2B9B20C9-39FC-4528-BC26-9601B716BFA1}
		{7E13556D-316A-41B3-9792-55CED6AA773E} = {2B9B20C9-39FC-4528-BC26-9601B716BFA1}
		{0BB049EF-EF29-4831-A055-F21E8DF4C714} = {C7E4F9C6-8754-4A1C-BED3-86D02AC75028}
	EndGlobalSection
	GlobalSection(ExtensibilityGlobals) = postSolution
		SolutionGuid = {0BB11C52-F36A-412D-BACB-857B6632065D}
	EndGlobalSection
EndGlobal
